
Microsoft Visual Studio Solution File, Format Version 12.00
# Visual Studio Version 17
VisualStudioVersion = 17.5.33516.290
MinimumVisualStudioVersion = 10.0.40219.1
Project("{FAE04EC0-301F-11D3-BF4B-00C04F79EFBC}") = "WealthWindow", "WealthWindow.csproj", "{5E0554FA-8311-425C-9D4B-CE94DFD58676}"
EndProject
Global
	GlobalSection(SolutionConfigurationPlatforms) = preSolution
		Debug 1.2|Any CPU = Debug 1.2|Any CPU
		Debug 1.3|Any CPU = Debug 1.3|Any CPU
		Debug 1.4|Any CPU = Debug 1.4|Any CPU
		Release 1.2|Any CPU = Release 1.2|Any CPU
		Release 1.3|Any CPU = Release 1.3|Any CPU
		Release 1.4|Any CPU = Release 1.4|Any CPU
	EndGlobalSection
	GlobalSection(ProjectConfigurationPlatforms) = postSolution
		{5E0554FA-8311-425C-9D4B-CE94DFD58676}.Debug 1.2|Any CPU.ActiveCfg = Debug 1.2|Any CPU
		{5E0554FA-8311-425C-9D4B-CE94DFD58676}.Debug 1.2|Any CPU.Build.0 = Debug 1.2|Any CPU
		{5E0554FA-8311-425C-9D4B-CE94DFD58676}.Debug 1.3|Any CPU.ActiveCfg = Debug 1.3|Any CPU
		{5E0554FA-8311-425C-9D4B-CE94DFD58676}.Debug 1.3|Any CPU.Build.0 = Debug 1.3|Any CPU
		{5E0554FA-8311-425C-9D4B-CE94DFD58676}.Debug 1.4|Any CPU.ActiveCfg = Debug 1.4|Any CPU
		{5E0554FA-8311-425C-9D4B-CE94DFD58676}.Debug 1.4|Any CPU.Build.0 = Debug 1.4|Any CPU
		{5E0554FA-8311-425C-9D4B-CE94DFD58676}.Release 1.2|Any CPU.ActiveCfg = Release 1.2|Any CPU
		{5E0554FA-8311-425C-9D4B-CE94DFD58676}.Release 1.2|Any CPU.Build.0 = Release 1.2|Any CPU
		{5E0554FA-8311-425C-9D4B-CE94DFD58676}.Release 1.3|Any CPU.ActiveCfg = Release 1.3|Any CPU
		{5E0554FA-8311-425C-9D4B-CE94DFD58676}.Release 1.3|Any CPU.Build.0 = Release 1.3|Any CPU
		{5E0554FA-8311-425C-9D4B-CE94DFD58676}.Release 1.4|Any CPU.ActiveCfg = Release 1.4|Any CPU
		{5E0554FA-8311-425C-9D4B-CE94DFD58676}.Release 1.4|Any CPU.Build.0 = Release 1.4|Any CPU
	EndGlobalSection
	GlobalSection(SolutionProperties) = preSolution
		HideSolutionNode = FALSE
	EndGlobalSection
	GlobalSection(ExtensibilityGlobals) = postSolution
		SolutionGuid = {625CA71A-5DF6-4F99-A34B-E65C2C7BC3AD}
	EndGlobalSection
EndGlobal
